%{
  "avro_ex": {:hex, :avro_ex, "0.1.0-beta.5", "4e3e4892edb437deda8ad99da8b874458eb45a7d03ca99a4ba5b3bf2352fa26e", [:mix], [{:ecto, "~> 2.1.0 or ~> 2.2.0", [hex: :ecto, repo: "hexpm", optional: false]}, {:poison, "~> 3.1.0", [hex: :poison, repo: "hexpm", optional: false]}], "hexpm"},
  "brod": {:hex, :brod, "3.3.5", "c48b2c4314c99841c415193a5b30b367ad44caf293321fe2bc978867c1406f1a", [:make, :rebar, :rebar3], [{:kafka_protocol, "1.1.2", [hex: :kafka_protocol, repo: "hexpm", optional: false]}, {:supervisor3, "1.1.5", [hex: :supervisor3, repo: "hexpm", optional: false]}], "hexpm"},
  "certifi": {:hex, :certifi, "1.2.1", "c3904f192bd5284e5b13f20db3ceac9626e14eeacfbb492e19583cf0e37b22be", [:rebar3], [], "hexpm"},
  "decimal": {:hex, :decimal, "1.4.1", "ad9e501edf7322f122f7fc151cce7c2a0c9ada96f2b0155b8a09a795c2029770", [:mix], [], "hexpm"},
  "dialyxir": {:hex, :dialyxir, "0.5.0", "5bc543f9c28ecd51b99cc1a685a3c2a1a93216990347f259406a910cf048d1d7", [:mix], [], "hexpm"},
  "eavro": {:git, "https://github.com/podium/eavro", "936910563bb5aeabd9d7fc38d0357f0406e0d0ce", [ref: "fix-complex-primitives"]},
  "ecto": {:hex, :ecto, "2.2.9", "031d55df9bb430cb118e6f3026a87408d9ce9638737bda3871e5d727a3594aae", [:mix], [{:db_connection, "~> 1.1", [hex: :db_connection, repo: "hexpm", optional: true]}, {:decimal, "~> 1.2", [hex: :decimal, repo: "hexpm", optional: false]}, {:mariaex, "~> 0.8.0", [hex: :mariaex, repo: "hexpm", optional: true]}, {:poison, "~> 2.2 or ~> 3.0", [hex: :poison, repo: "hexpm", optional: true]}, {:poolboy, "~> 1.5", [hex: :poolboy, repo: "hexpm", optional: false]}, {:postgrex, "~> 0.13.0", [hex: :postgrex, repo: "hexpm", optional: true]}, {:sbroker, "~> 1.0", [hex: :sbroker, repo: "hexpm", optional: true]}], "hexpm"},
  "gen_state_machine": {:hex, :gen_state_machine, "2.0.0", "f3bc7d961e4cd9f37944b379137e25fd063feffc42800bed69197fd1b78b3151", [:mix], []},
  "hackney": {:hex, :hackney, "1.8.6", "21a725db3569b3fb11a6af17d5c5f654052ce9624219f1317e8639183de4a423", [:rebar3], [{:certifi, "1.2.1", [hex: :certifi, repo: "hexpm", optional: false]}, {:idna, "5.0.2", [hex: :idna, repo: "hexpm", optional: false]}, {:metrics, "1.0.1", [hex: :metrics, repo: "hexpm", optional: false]}, {:mimerl, "1.0.2", [hex: :mimerl, repo: "hexpm", optional: false]}, {:ssl_verify_fun, "1.1.1", [hex: :ssl_verify_fun, repo: "hexpm", optional: false]}], "hexpm"},
  "httpoison": {:hex, :httpoison, "0.12.0", "8fc3d791c5afe6beb0093680c667dd4ce712a49d89c38c3fe1a43100dd76cf90", [:mix], [{:hackney, "~> 1.8.0", [hex: :hackney, repo: "hexpm", optional: false]}], "hexpm"},
  "idna": {:hex, :idna, "5.0.2", "ac203208ada855d95dc591a764b6e87259cb0e2a364218f215ad662daa8cd6b4", [:rebar3], [{:unicode_util_compat, "0.2.0", [hex: :unicode_util_compat, repo: "hexpm", optional: false]}], "hexpm"},
  "jiffy": {:hex, :jiffy, "0.15.1", "be83b09388da1a6c7e798207c9d6a1c4d71bb95fcc387d37d35861788f49ab97", [:rebar3], [], "hexpm"},
  "jsx": {:hex, :jsx, "2.8.2", "7acc7d785b5abe8a6e9adbde926a24e481f29956dd8b4df49e3e4e7bcc92a018", [:mix, :rebar3], [], "hexpm"},
  "kafka_protocol": {:hex, :kafka_protocol, "1.1.2", "96d09c4287377795ae2c488aceae2dc6872b94edba8309a27ace933d9ae32333", [:rebar, :rebar3], [{:snappyer, "1.2.1", [hex: :snappyer, repo: "hexpm", optional: false]}], "hexpm"},
  "libring": {:hex, :libring, "1.0.2", "95986f0aad553a340f34b898d146474c7a76fdf6e608ad9e0626e07514d8cdf4", [:mix], []},
  "meck": {:hex, :meck, "0.8.7", "ebad16ca23f685b07aed3bc011efff65fbaf28881a8adf925428ef5472d390ee", [:rebar3], [], "hexpm"},
  "metrics": {:hex, :metrics, "1.0.1", "25f094dea2cda98213cecc3aeff09e940299d950904393b2a29d191c346a8486", [:rebar3], [], "hexpm"},
  "mimerl": {:hex, :mimerl, "1.0.2", "993f9b0e084083405ed8252b99460c4f0563e41729ab42d9074fd5e52439be88", [:rebar3], [], "hexpm"},
  "poison": {:hex, :poison, "3.1.0", "d9eb636610e096f86f25d9a46f35a9facac35609a7591b3be3326e99a0484665", [:mix], [], "hexpm"},
  "poolboy": {:hex, :poolboy, "1.5.1", "6b46163901cfd0a1b43d692657ed9d7e599853b3b21b95ae5ae0a777cf9b6ca8", [:rebar], [], "hexpm"},
  "ranch": {:hex, :ranch, "1.3.2", "e4965a144dc9fbe70e5c077c65e73c57165416a901bd02ea899cfd95aa890986", [:rebar3], [], "hexpm"},
  "snappyer": {:hex, :snappyer, "1.2.1", "06c5f5c8afe80ba38e94e1ca1bd9253de95d8f2c85b08783e8d0f63815580556", [:make, :rebar, :rebar3], [], "hexpm"},
  "ssl_verify_fun": {:hex, :ssl_verify_fun, "1.1.1", "28a4d65b7f59893bc2c7de786dec1e1555bd742d336043fe644ae956c3497fbe", [:make, :rebar], [], "hexpm"},
  "supervisor3": {:hex, :supervisor3, "1.1.5", "5f3c487a6eba23de0e64c06e93efa0eca06f40324a6412c1318c77aca6da8424", [:make, :rebar, :rebar3], [], "hexpm"},
  "swarm": {:hex, :swarm, "3.0.5", "c54ead44ca5f879959899f325f0e6b904e1a219faecb24ca4e55aad1fe38fecc", [:mix], [{:gen_state_machine, "~> 2.0", [hex: :gen_state_machine, optional: false]}, {:libring, "~> 1.0", [hex: :libring, optional: false]}]},
  "unicode_util_compat": {:hex, :unicode_util_compat, "0.2.0", "dbbccf6781821b1c0701845eaf966c9b6d83d7c3bfc65ca2b78b88b8678bfa35", [:rebar3], [], "hexpm"},
  "uuid": {:hex, :uuid, "1.1.8", "e22fc04499de0de3ed1116b770c7737779f226ceefa0badb3592e64d5cfb4eb9", [:mix], [], "hexpm"},
  "zlists": {:hex, :zlists, "0.0.4", "f641fcd2d05dcc34e6f98a0a88290ec54fd269246d2bed41d9504361f243a442", [:mix, :rebar3], [], "hexpm"},
}
